
Microsoft Visual Studio Solution File, Format Version 12.00
# Visual Studio 2012
Project("{FAE04EC0-301F-11D3-BF4B-00C04F79EFBC}") = "connectivityprog", "connectivityprog\connectivityprog.csproj", "{6CDF1C5D-419F-4BD7-9D94-4EF30028C52B}"
EndProject
Global
	GlobalSection(SolutionConfigurationPlatforms) = preSolution
		Debug|Any CPU = Debug|Any CPU
		Release|Any CPU = Release|Any CPU
	EndGlobalSection
	GlobalSection(ProjectConfigurationPlatforms) = postSolution
		{6CDF1C5D-419F-4BD7-9D94-4EF30028C52B}.Debug|Any CPU.ActiveCfg = Debug|Any CPU
		{6CDF1C5D-419F-4BD7-9D94-4EF30028C52B}.Debug|Any CPU.Build.0 = Debug|Any CPU
		{6CDF1C5D-419F-4BD7-9D94-4EF30028C52B}.Release|Any CPU.ActiveCfg = Release|Any CPU
		{6CDF1C5D-419F-4BD7-9D94-4EF30028C52B}.Release|Any CPU.Build.0 = Release|Any CPU
	EndGlobalSection
	GlobalSection(SolutionProperties) = preSolution
		HideSolutionNode = FALSE
	EndGlobalSection
EndGlobal
