
Microsoft Visual Studio Solution File, Format Version 12.00
# Visual Studio 2012
Project("{FAE04EC0-301F-11D3-BF4B-00C04F79EFBC}") = "Typeofconstructors", "Typeofconstructors\Typeofconstructors.csproj", "{BBD4AA24-A5BB-4907-980E-4CDBC9F609AE}"
EndProject
Global
	GlobalSection(SolutionConfigurationPlatforms) = preSolution
		Debug|Any CPU = Debug|Any CPU
		Release|Any CPU = Release|Any CPU
	EndGlobalSection
	GlobalSection(ProjectConfigurationPlatforms) = postSolution
		{BBD4AA24-A5BB-4907-980E-4CDBC9F609AE}.Debug|Any CPU.ActiveCfg = Debug|Any CPU
		{BBD4AA24-A5BB-4907-980E-4CDBC9F609AE}.Debug|Any CPU.Build.0 = Debug|Any CPU
		{BBD4AA24-A5BB-4907-980E-4CDBC9F609AE}.Release|Any CPU.ActiveCfg = Release|Any CPU
		{BBD4AA24-A5BB-4907-980E-4CDBC9F609AE}.Release|Any CPU.Build.0 = Release|Any CPU
	EndGlobalSection
	GlobalSection(SolutionProperties) = preSolution
		HideSolutionNode = FALSE
	EndGlobalSection
EndGlobal
