
Microsoft Visual Studio Solution File, Format Version 12.00
# Visual Studio 2012
Project("{FAE04EC0-301F-11D3-BF4B-00C04F79EFBC}") = "studentresult", "studentresult\studentresult.csproj", "{EEAA723D-6087-47B5-B966-C3DBC432A106}"
EndProject
Global
	GlobalSection(SolutionConfigurationPlatforms) = preSolution
		Debug|Any CPU = Debug|Any CPU
		Release|Any CPU = Release|Any CPU
	EndGlobalSection
	GlobalSection(ProjectConfigurationPlatforms) = postSolution
		{EEAA723D-6087-47B5-B966-C3DBC432A106}.Debug|Any CPU.ActiveCfg = Debug|Any CPU
		{EEAA723D-6087-47B5-B966-C3DBC432A106}.Debug|Any CPU.Build.0 = Debug|Any CPU
		{EEAA723D-6087-47B5-B966-C3DBC432A106}.Release|Any CPU.ActiveCfg = Release|Any CPU
		{EEAA723D-6087-47B5-B966-C3DBC432A106}.Release|Any CPU.Build.0 = Release|Any CPU
	EndGlobalSection
	GlobalSection(SolutionProperties) = preSolution
		HideSolutionNode = FALSE
	EndGlobalSection
EndGlobal
