
Microsoft Visual Studio Solution File, Format Version 12.00
# Visual Studio 2012
Project("{FAE04EC0-301F-11D3-BF4B-00C04F79EFBC}") = "simpleInterest", "simpleInterest\simpleInterest.csproj", "{8CBBBDA8-FD12-462A-B428-8F4564DFA8BE}"
EndProject
Global
	GlobalSection(SolutionConfigurationPlatforms) = preSolution
		Debug|Any CPU = Debug|Any CPU
		Release|Any CPU = Release|Any CPU
	EndGlobalSection
	GlobalSection(ProjectConfigurationPlatforms) = postSolution
		{8CBBBDA8-FD12-462A-B428-8F4564DFA8BE}.Debug|Any CPU.ActiveCfg = Debug|Any CPU
		{8CBBBDA8-FD12-462A-B428-8F4564DFA8BE}.Debug|Any CPU.Build.0 = Debug|Any CPU
		{8CBBBDA8-FD12-462A-B428-8F4564DFA8BE}.Release|Any CPU.ActiveCfg = Release|Any CPU
		{8CBBBDA8-FD12-462A-B428-8F4564DFA8BE}.Release|Any CPU.Build.0 = Release|Any CPU
	EndGlobalSection
	GlobalSection(SolutionProperties) = preSolution
		HideSolutionNode = FALSE
	EndGlobalSection
EndGlobal
